// !$*UTF8*$!
{
	archiveVersion = 1;
	classes = {
	};
	objectVersion = 46;
	objects = {

/* Begin PBXBuildFile section */
		5D62B8F43B820B33CC25B106 /* Pods_ReactiveObjCDemo.framework in Frameworks */ = {isa = PBXBuildFile; fileRef = D356937DF4C5FF34971E1170 /* Pods_ReactiveObjCDemo.framework */; };
		871828F51DF05F170034C8B5 /* main.m in Sources */ = {isa = PBXBuildFile; fileRef = 871828F41DF05F170034C8B5 /* main.m */; };
		871828F81DF05F170034C8B5 /* AppDelegate.m in Sources */ = {isa = PBXBuildFile; fileRef = 871828F71DF05F170034C8B5 /* AppDelegate.m */; };
		871828FB1DF05F170034C8B5 /* ViewController.m in Sources */ = {isa = PBXBuildFile; fileRef = 871828FA1DF05F170034C8B5 /* ViewController.m */; };
		871828FE1DF05F170034C8B5 /* Main.storyboard in Resources */ = {isa = PBXBuildFile; fileRef = 871828FC1DF05F170034C8B5 /* Main.storyboard */; };
		871829001DF05F170034C8B5 /* Assets.xcassets in Resources */ = {isa = PBXBuildFile; fileRef = 871828FF1DF05F170034C8B5 /* Assets.xcassets */; };
		871829031DF05F170034C8B5 /* LaunchScreen.storyboard in Resources */ = {isa = PBXBuildFile; fileRef = 871829011DF05F170034C8B5 /* LaunchScreen.storyboard */; };
/* End PBXBuildFile section */

/* Begin PBXFileReference section */
		79E4D25EEDDC8C05E4A2B755 /* Pods-ReactiveObjCDemo.debug.xcconfig */ = {isa = PBXFileReference; includeInIndex = 1; lastKnownFileType = text.xcconfig; name = "Pods-ReactiveObjCDemo.debug.xcconfig"; path = "Pods/Target Support Files/Pods-ReactiveObjCDemo/Pods-ReactiveObjCDemo.debug.xcconfig"; sourceTree = "<group>"; };
		871828F01DF05F170034C8B5 /* ReactiveObjCDemo.app */ = {isa = PBXFileReference; explicitFileType = wrapper.application; includeInIndex = 0; path = ReactiveObjCDemo.app; sourceTree = BUILT_PRODUCTS_DIR; };
		871828F41DF05F170034C8B5 /* main.m */ = {isa = PBXFileReference; lastKnownFileType = sourcecode.c.objc; path = main.m; sourceTree = "<group>"; };
		871828F61DF05F170034C8B5 /* AppDelegate.h */ = {isa = PBXFileReference; lastKnownFileType = sourcecode.c.h; path = AppDelegate.h; sourceTree = "<group>"; };
		871828F71DF05F170034C8B5 /* AppDelegate.m */ = {isa = PBXFileReference; lastKnownFileType = sourcecode.c.objc; path = AppDelegate.m; sourceTree = "<group>"; };
		871828F91DF05F170034C8B5 /* ViewController.h */ = {isa = PBXFileReference; lastKnownFileType = sourcecode.c.h; path = ViewController.h; sourceTree = "<group>"; };
		871828FA1DF05F170034C8B5 /* ViewController.m */ = {isa = PBXFileReference; lastKnownFileType = sourcecode.c.objc; path = ViewController.m; sourceTree = "<group>"; };
		871828FD1DF05F170034C8B5 /* Base */ = {isa = PBXFileReference; lastKnownFileType = file.storyboard; name = Base; path = Base.lproj/Main.storyboard; sourceTree = "<group>"; };
		871828FF1DF05F170034C8B5 /* Assets.xcassets */ = {isa = PBXFileReference; lastKnownFileType = folder.assetcatalog; path = Assets.xcassets; sourceTree = "<group>"; };
		871829021DF05F170034C8B5 /* Base */ = {isa = PBXFileReference; lastKnownFileType = file.storyboard; name = Base; path = Base.lproj/LaunchScreen.storyboard; sourceTree = "<group>"; };
		871829041DF05F170034C8B5 /* Info.plist */ = {isa = PBXFileReference; lastKnownFileType = text.plist.xml; path = Info.plist; sourceTree = "<group>"; };
		9C8C01E55032B5362AD6280C /* Pods-ReactiveObjCDemo.release.xcconfig */ = {isa = PBXFileReference; includeInIndex = 1; lastKnownFileType = text.xcconfig; name = "Pods-ReactiveObjCDemo.release.xcconfig"; path = "Pods/Target Support Files/Pods-ReactiveObjCDemo/Pods-ReactiveObjCDemo.release.xcconfig"; sourceTree = "<group>"; };
		D356937DF4C5FF34971E1170 /* Pods_ReactiveObjCDemo.framework */ = {isa = PBXFileReference; explicitFileType = wrapper.framework; includeInIndex = 0; path = Pods_ReactiveObjCDemo.framework; sourceTree = BUILT_PRODUCTS_DIR; };
/* End PBXFileReference section */

/* Begin PBXFrameworksBuildPhase section */
		871828ED1DF05F160034C8B5 /* Frameworks */ = {
			isa = PBXFrameworksBuildPhase;
			buildActionMask = 2147483647;
			files = (
				5D62B8F43B820B33CC25B106 /* Pods_ReactiveObjCDemo.framework in Frameworks */,
			);
			runOnlyForDeploymentPostprocessing = 0;
		};
/* End PBXFrameworksBuildPhase section */

/* Begin PBXGroup section */
		56BE84E4F6F15BB17BE09465 /* Pods */ = {
			isa = PBXGroup;
			children = (
				79E4D25EEDDC8C05E4A2B755 /* Pods-ReactiveObjCDemo.debug.xcconfig */,
				9C8C01E55032B5362AD6280C /* Pods-ReactiveObjCDemo.release.xcconfig */,
			);
			name = Pods;
			sourceTree = "<group>";
		};
		871828E71DF05F160034C8B5 = {
			isa = PBXGroup;
			children = (
				871828F21DF05F170034C8B5 /* ReactiveObjCDemo */,
				871828F11DF05F170034C8B5 /* Products */,
				56BE84E4F6F15BB17BE09465 /* Pods */,
				CD908A5D1FFAD8360BBD84D4 /* Frameworks */,
			);
			sourceTree = "<group>";
		};
		871828F11DF05F170034C8B5 /* Products */ = {
			isa = PBXGroup;
			children = (
				871828F01DF05F170034C8B5 /* ReactiveObjCDemo.app */,
			);
			name = Products;
			sourceTree = "<group>";
		};
		871828F21DF05F170034C8B5 /* ReactiveObjCDemo */ = {
			isa = PBXGroup;
			children = (
				871828F91DF05F170034C8B5 /* ViewController.h */,
				871828FA1DF05F170034C8B5 /* ViewController.m */,
				871828F31DF05F170034C8B5 /* Supporting Files */,
			);
			path = ReactiveObjCDemo;
			sourceTree = "<group>";
		};
		871828F31DF05F170034C8B5 /* Supporting Files */ = {
			isa = PBXGroup;
			children = (
				871828FC1DF05F170034C8B5 /* Main.storyboard */,
				871828F61DF05F170034C8B5 /* AppDelegate.h */,
				871828F71DF05F170034C8B5 /* AppDelegate.m */,
				871828FF1DF05F170034C8B5 /* Assets.xcassets */,
				871829011DF05F170034C8B5 /* LaunchScreen.storyboard */,
				871829041DF05F170034C8B5 /* Info.plist */,
				871828F41DF05F170034C8B5 /* main.m */,
			);
			name = "Supporting Files";
			sourceTree = "<group>";
		};
		CD908A5D1FFAD8360BBD84D4 /* Frameworks */ = {
			isa = PBXGroup;
			children = (
				D356937DF4C5FF34971E1170 /* Pods_ReactiveObjCDemo.framework */,
			);
			name = Frameworks;
			sourceTree = "<group>";
		};
/* End PBXGroup section */

/* Begin PBXNativeTarget section */
		871828EF1DF05F160034C8B5 /* ReactiveObjCDemo */ = {
			isa = PBXNativeTarget;
			buildConfigurationList = 871829071DF05F170034C8B5 /* Build configuration list for PBXNativeTarget "ReactiveObjCDemo" */;
			buildPhases = (
				E67C369A5C855C84F66BF8AA /* [CP] Check Pods Manifest.lock */,
				871828EC1DF05F160034C8B5 /* Sources */,
				871828ED1DF05F160034C8B5 /* Frameworks */,
				871828EE1DF05F160034C8B5 /* Resources */,
				8928761FEA77D5A00B03D0DA /* [CP] Embed Pods Frameworks */,
				77C13DAC6AC59CBEEAF9EE39 /* [CP] Copy Pods Resources */,
			);
			buildRules = (
			);
			dependencies = (
			);
			name = ReactiveObjCDemo;
			productName = ReactiveObjCDemo;
			productReference = 871828F01DF05F170034C8B5 /* ReactiveObjCDemo.app */;
			productType = "com.apple.product-type.application";
		};
/* End PBXNativeTarget section */

/* Begin PBXProject section */
		871828E81DF05F160034C8B5 /* Project object */ = {
			isa = PBXProject;
			attributes = {
				LastUpgradeCheck = 0820;
				ORGANIZATIONNAME = DragonLi;
				TargetAttributes = {
					871828EF1DF05F160034C8B5 = {
						CreatedOnToolsVersion = 8.1;
						DevelopmentTeam = EHTLU8962D;
						ProvisioningStyle = Automatic;
					};
				};
			};
			buildConfigurationList = 871828EB1DF05F160034C8B5 /* Build configuration list for PBXProject "ReactiveObjCDemo" */;
			compatibilityVersion = "Xcode 3.2";
			developmentRegion = English;
			hasScannedForEncodings = 0;
			knownRegions = (
				en,
				Base,
			);
			mainGroup = 871828E71DF05F160034C8B5;
			productRefGroup = 871828F11DF05F170034C8B5 /* Products */;
			projectDirPath = "";
			projectRoot = "";
			targets = (
				871828EF1DF05F160034C8B5 /* ReactiveObjCDemo */,
			);
		};
/* End PBXProject section */

/* Begin PBXResourcesBuildPhase section */
		871828EE1DF05F160034C8B5 /* Resources */ = {
			isa = PBXResourcesBuildPhase;
			buildActionMask = 2147483647;
			files = (
				871829031DF05F170034C8B5 /* LaunchScreen.storyboard in Resources */,
				871829001DF05F170034C8B5 /* Assets.xcassets in Resources */,
				871828FE1DF05F170034C8B5 /* Main.storyboard in Resources */,
			);
			runOnlyForDeploymentPostprocessing = 0;
		};
/* End PBXResourcesBuildPhase section */

/* Begin PBXShellScriptBuildPhase section */
		77C13DAC6AC59CBEEAF9EE39 /* [CP] Copy Pods Resources */ = {
			isa = PBXShellScriptBuildPhase;
			buildActionMask = 2147483647;
			files = (
			);
			inputPaths = (
			);
			name = "[CP] Copy Pods Resources";
			outputPaths = (
			);
			runOnlyForDeploymentPostprocessing = 0;
			shellPath = /bin/sh;
			shellScript = "\"${SRCROOT}/Pods/Target Support Files/Pods-ReactiveObjCDemo/Pods-ReactiveObjCDemo-resources.sh\"\n";
			showEnvVarsInLog = 0;
		};
		8928761FEA77D5A00B03D0DA /* [CP] Embed Pods Frameworks */ = {
			isa = PBXShellScriptBuildPhase;
			buildActionMask = 2147483647;
			files = (
			);
			inputPaths = (
			);
			name = "[CP] Embed Pods Frameworks";
			outputPaths = (
			);
			runOnlyForDeploymentPostprocessing = 0;
			shellPath = /bin/sh;
			shellScript = "\"${SRCROOT}/Pods/Target Support Files/Pods-ReactiveObjCDemo/Pods-ReactiveObjCDemo-frameworks.sh\"\n";
			showEnvVarsInLog = 0;
		};
		E67C369A5C855C84F66BF8AA /* [CP] Check Pods Manifest.lock */ = {
			isa = PBXShellScriptBuildPhase;
			buildActionMask = 2147483647;
			files = (
			);
			inputPaths = (
			);
			name = "[CP] Check Pods Manifest.lock";
			outputPaths = (
			);
			runOnlyForDeploymentPostprocessing = 0;
			shellPath = /bin/sh;
			shellScript = "diff \"${PODS_ROOT}/../Podfile.lock\" \"${PODS_ROOT}/Manifest.lock\" > /dev/null\nif [ $? != 0 ] ; then\n    # print error to STDERR\n    echo \"error: The sandbox is not in sync with the Podfile.lock. Run 'pod install' or update your CocoaPods installation.\" >&2\n    exit 1\nfi\n";
			showEnvVarsInLog = 0;
		};
/* End PBXShellScriptBuildPhase section */

/* Begin PBXSourcesBuildPhase section */
		871828EC1DF05F160034C8B5 /* Sources */ = {
			isa = PBXSourcesBuildPhase;
			buildActionMask = 2147483647;
			files = (
				871828FB1DF05F170034C8B5 /* ViewController.m in Sources */,
				871828F81DF05F170034C8B5 /* AppDelegate.m in Sources */,
				871828F51DF05F170034C8B5 /* main.m in Sources */,
			);
			runOnlyForDeploymentPostprocessing = 0;
		};
/* End PBXSourcesBuildPhase section */

/* Begin PBXVariantGroup section */
		871828FC1DF05F170034C8B5 /* Main.storyboard */ = {
			isa = PBXVariantGroup;
			children = (
				871828FD1DF05F170034C8B5 /* Base */,
			);
			name = Main.storyboard;
			sourceTree = "<group>";
		};
		871829011DF05F170034C8B5 /* LaunchScreen.storyboard */ = {
			isa = PBXVariantGroup;
			children = (
				871829021DF05F170034C8B5 /* Base */,
			);
			name = LaunchScreen.storyboard;
			sourceTree = "<group>";
		};
/* End PBXVariantGroup section */

/* Begin XCBuildConfiguration section */
		871829051DF05F170034C8B5 /* Debug */ = {
			isa = XCBuildConfiguration;
			buildSettings = {
				ALWAYS_SEARCH_USER_PATHS = NO;
				CLANG_ANALYZER_NONNULL = YES;
				CLANG_CXX_LANGUAGE_STANDARD = "gnu++0x";
				CLANG_CXX_LIBRARY = "libc++";
				CLANG_ENABLE_MODULES = YES;
				CLANG_ENABLE_OBJC_ARC = YES;
				CLANG_WARN_BOOL_CONVERSION = YES;
				CLANG_WARN_CONSTANT_CONVERSION = YES;
				CLANG_WARN_DIRECT_OBJC_ISA_USAGE = YES_ERROR;
				CLANG_WARN_DOCUMENTATION_COMMENTS = YES;
				CLANG_WARN_EMPTY_BODY = YES;
				CLANG_WARN_ENUM_CONVERSION = YES;
				CLANG_WARN_INFINITE_RECURSION = YES;
				CLANG_WARN_INT_CONVERSION = YES;
				CLANG_WARN_OBJC_ROOT_CLASS = YES_ERROR;
				CLANG_WARN_SUSPICIOUS_MOVE = YES;
				CLANG_WARN_SUSPICIOUS_MOVES = YES;
				CLANG_WARN_UNREACHABLE_CODE = YES;
				CLANG_WARN__DUPLICATE_METHOD_MATCH = YES;
				"CODE_SIGN_IDENTITY[sdk=iphoneos*]" = "iPhone Developer";
				COPY_PHASE_STRIP = NO;
				DEBUG_INFORMATION_FORMAT = dwarf;
				ENABLE_STRICT_OBJC_MSGSEND = YES;
				ENABLE_TESTABILITY = YES;
				GCC_C_LANGUAGE_STANDARD = gnu99;
				GCC_DYNAMIC_NO_PIC = NO;
				GCC_NO_COMMON_BLOCKS = YES;
				GCC_OPTIMIZATION_LEVEL = 0;
				GCC_PRECOMPILE_PREFIX_HEADER = NO;
				GCC_PREFIX_HEADER = "";
				GCC_PREPROCESSOR_DEFINITIONS = (
					"DEBUG=1",
					"$(inherited)",
				);
				GCC_WARN_64_TO_32_BIT_CONVERSION = YES;
				GCC_WARN_ABOUT_RETURN_TYPE = YES_ERROR;
				GCC_WARN_UNDECLARED_SELECTOR = YES;
				GCC_WARN_UNINITIALIZED_AUTOS = YES_AGGRESSIVE;
				GCC_WARN_UNUSED_FUNCTION = YES;
				GCC_WARN_UNUSED_VARIABLE = YES;
				IPHONEOS_DEPLOYMENT_TARGET = 10.1;
				MTL_ENABLE_DEBUG_INFO = YES;
				ONLY_ACTIVE_ARCH = YES;
				SDKROOT = iphoneos;
			};
			name = Debug;
		};
		871829061DF05F170034C8B5 /* Release */ = {
			isa = XCBuildConfiguration;
			buildSettings = {
				ALWAYS_SEARCH_USER_PATHS = NO;
				CLANG_ANALYZER_NONNULL = YES;
				CLANG_CXX_LANGUAGE_STANDARD = "gnu++0x";
				CLANG_CXX_LIBRARY = "libc++";
				CLANG_ENABLE_MODULES = YES;
				CLANG_ENABLE_OBJC_ARC = YES;
				CLANG_WARN_BOOL_CONVERSION = YES;
				CLANG_WARN_CONSTANT_CONVERSION = YES;
				CLANG_WARN_DIRECT_OBJC_ISA_USAGE = YES_ERROR;
				CLANG_WARN_DOCUMENTATION_COMMENTS = YES;
				CLANG_WARN_EMPTY_BODY = YES;
				CLANG_WARN_ENUM_CONVERSION = YES;
				CLANG_WARN_INFINITE_RECURSION = YES;
				CLANG_WARN_INT_CONVERSION = YES;
				CLANG_WARN_OBJC_ROOT_CLASS = YES_ERROR;
				CLANG_WARN_SUSPICIOUS_MOVE = YES;
				CLANG_WARN_SUSPICIOUS_MOVES = YES;
				CLANG_WARN_UNREACHABLE_CODE = YES;
				CLANG_WARN__DUPLICATE_METHOD_MATCH = YES;
				"CODE_SIGN_IDENTITY[sdk=iphoneos*]" = "iPhone Developer";
				COPY_PHASE_STRIP = NO;
				DEBUG_INFORMATION_FORMAT = "dwarf-with-dsym";
				ENABLE_NS_ASSERTIONS = NO;
				ENABLE_STRICT_OBJC_MSGSEND = YES;
				GCC_C_LANGUAGE_STANDARD = gnu99;
				GCC_NO_COMMON_BLOCKS = YES;
				GCC_PRECOMPILE_PREFIX_HEADER = NO;
				GCC_PREFIX_HEADER = "";
				GCC_WARN_64_TO_32_BIT_CONVERSION = YES;
				GCC_WARN_ABOUT_RETURN_TYPE = YES_ERROR;
				GCC_WARN_UNDECLARED_SELECTOR = YES;
				GCC_WARN_UNINITIALIZED_AUTOS = YES_AGGRESSIVE;
				GCC_WARN_UNUSED_FUNCTION = YES;
				GCC_WARN_UNUSED_VARIABLE = YES;
				IPHONEOS_DEPLOYMENT_TARGET = 10.1;
				MTL_ENABLE_DEBUG_INFO = NO;
				SDKROOT = iphoneos;
				VALIDATE_PRODUCT = YES;
			};
			name = Release;
		};
		871829081DF05F170034C8B5 /* Debug */ = {
			isa = XCBuildConfiguration;
			baseConfigurationReference = 79E4D25EEDDC8C05E4A2B755 /* Pods-ReactiveObjCDemo.debug.xcconfig */;
			buildSettings = {
				ASSETCATALOG_COMPILER_APPICON_NAME = AppIcon;
				DEVELOPMENT_TEAM = EHTLU8962D;
				GCC_PRECOMPILE_PREFIX_HEADER = NO;
				GCC_PREFIX_HEADER = "";
				INFOPLIST_FILE = ReactiveObjCDemo/Info.plist;
				IPHONEOS_DEPLOYMENT_TARGET = 8.0;
				LD_RUNPATH_SEARCH_PATHS = "$(inherited) @executable_path/Frameworks";
				PRODUCT_BUNDLE_IDENTIFIER = com.baidu.ReactiveObjCDemo;
				PRODUCT_NAME = "$(TARGET_NAME)";
			};
			name = Debug;
		};
		871829091DF05F170034C8B5 /* Release */ = {
			isa = XCBuildConfiguration;
			baseConfigurationReference = 9C8C01E55032B5362AD6280C /* Pods-ReactiveObjCDemo.release.xcconfig */;
			buildSettings = {
				ASSETCATALOG_COMPILER_APPICON_NAME = AppIcon;
				DEVELOPMENT_TEAM = EHTLU8962D;
				GCC_PRECOMPILE_PREFIX_HEADER = NO;
				GCC_PREFIX_HEADER = "";
				INFOPLIST_FILE = ReactiveObjCDemo/Info.plist;
				IPHONEOS_DEPLOYMENT_TARGET = 8.0;
				LD_RUNPATH_SEARCH_PATHS = "$(inherited) @executable_path/Frameworks";
				PRODUCT_BUNDLE_IDENTIFIER = com.baidu.ReactiveObjCDemo;
				PRODUCT_NAME = "$(TARGET_NAME)";
			};
			name = Release;
		};
/* End XCBuildConfiguration section */

/* Begin XCConfigurationList section */
		871828EB1DF05F160034C8B5 /* Build configuration list for PBXProject "ReactiveObjCDemo" */ = {
			isa = XCConfigurationList;
			buildConfigurations = (
				871829051DF05F170034C8B5 /* Debug */,
				871829061DF05F170034C8B5 /* Release */,
			);
			defaultConfigurationIsVisible = 0;
			defaultConfigurationName = Release;
		};
		871829071DF05F170034C8B5 /* Build configuration list for PBXNativeTarget "ReactiveObjCDemo" */ = {
			isa = XCConfigurationList;
			buildConfigurations = (
				871829081DF05F170034C8B5 /* Debug */,
				871829091DF05F170034C8B5 /* Release */,
			);
			defaultConfigurationIsVisible = 0;
			defaultConfigurationName = Release;
		};
/* End XCConfigurationList section */
	};
	rootObject = 871828E81DF05F160034C8B5 /* Project object */;
}
