// !$*UTF8*$!
{
	archiveVersion = 1;
	classes = {
	};
	objectVersion = 50;
	objects = {

/* Begin PBXBuildFile section */
		871272932079F55400866608 /* TLPhotoLibrary.swift in Sources */ = {isa = PBXBuildFile; fileRef = 871272882079F55400866608 /* TLPhotoLibrary.swift */; };
		871272942079F55400866608 /* TLCollectionTableViewCell.swift in Sources */ = {isa = PBXBuildFile; fileRef = 871272892079F55400866608 /* TLCollectionTableViewCell.swift */; };
		871272952079F55400866608 /* TLCollectionTableViewCell.xib in Resources */ = {isa = PBXBuildFile; fileRef = 8712728A2079F55400866608 /* TLCollectionTableViewCell.xib */; };
		871272962079F55400866608 /* TLBundle.swift in Sources */ = {isa = PBXBuildFile; fileRef = 8712728B2079F55400866608 /* TLBundle.swift */; };
		871272972079F55400866608 /* TLAlbumPopView.swift in Sources */ = {isa = PBXBuildFile; fileRef = 8712728C2079F55400866608 /* TLAlbumPopView.swift */; };
		871272982079F55400866608 /* TLPhotoPickerController.bundle in Resources */ = {isa = PBXBuildFile; fileRef = 8712728D2079F55400866608 /* TLPhotoPickerController.bundle */; };
		871272992079F55400866608 /* TLPhotoCollectionViewCell.swift in Sources */ = {isa = PBXBuildFile; fileRef = 8712728E2079F55400866608 /* TLPhotoCollectionViewCell.swift */; };
		8712729A2079F55400866608 /* TLPhotoCollectionViewCell.xib in Resources */ = {isa = PBXBuildFile; fileRef = 8712728F2079F55400866608 /* TLPhotoCollectionViewCell.xib */; };
		8712729B2079F55400866608 /* TLPhotosPickerViewController.swift in Sources */ = {isa = PBXBuildFile; fileRef = 871272902079F55400866608 /* TLPhotosPickerViewController.swift */; };
		8712729C2079F55400866608 /* TLAssetsCollection.swift in Sources */ = {isa = PBXBuildFile; fileRef = 871272912079F55400866608 /* TLAssetsCollection.swift */; };
		87151699207B36E9000C0B6C /* XTPicModel.swift in Sources */ = {isa = PBXBuildFile; fileRef = 87151698207B36E9000C0B6C /* XTPicModel.swift */; };
		872137F32079C75500277F27 /* AppDelegate.swift in Sources */ = {isa = PBXBuildFile; fileRef = 872137F22079C75400277F27 /* AppDelegate.swift */; };
		872137F52079C75500277F27 /* ViewController.swift in Sources */ = {isa = PBXBuildFile; fileRef = 872137F42079C75500277F27 /* ViewController.swift */; };
		872137FA2079C75500277F27 /* Assets.xcassets in Resources */ = {isa = PBXBuildFile; fileRef = 872137F92079C75500277F27 /* Assets.xcassets */; };
		876D5C41207A0CD800794035 /* TLPhotosPickerViewController.xib in Resources */ = {isa = PBXBuildFile; fileRef = 876D5C40207A0CD800794035 /* TLPhotosPickerViewController.xib */; };
/* End PBXBuildFile section */

/* Begin PBXFileReference section */
		871272882079F55400866608 /* TLPhotoLibrary.swift */ = {isa = PBXFileReference; fileEncoding = 4; lastKnownFileType = sourcecode.swift; path = TLPhotoLibrary.swift; sourceTree = "<group>"; };
		871272892079F55400866608 /* TLCollectionTableViewCell.swift */ = {isa = PBXFileReference; fileEncoding = 4; lastKnownFileType = sourcecode.swift; path = TLCollectionTableViewCell.swift; sourceTree = "<group>"; };
		8712728A2079F55400866608 /* TLCollectionTableViewCell.xib */ = {isa = PBXFileReference; fileEncoding = 4; lastKnownFileType = file.xib; path = TLCollectionTableViewCell.xib; sourceTree = "<group>"; };
		8712728B2079F55400866608 /* TLBundle.swift */ = {isa = PBXFileReference; fileEncoding = 4; lastKnownFileType = sourcecode.swift; path = TLBundle.swift; sourceTree = "<group>"; };
		8712728C2079F55400866608 /* TLAlbumPopView.swift */ = {isa = PBXFileReference; fileEncoding = 4; lastKnownFileType = sourcecode.swift; path = TLAlbumPopView.swift; sourceTree = "<group>"; };
		8712728D2079F55400866608 /* TLPhotoPickerController.bundle */ = {isa = PBXFileReference; lastKnownFileType = "wrapper.plug-in"; path = TLPhotoPickerController.bundle; sourceTree = "<group>"; };
		8712728E2079F55400866608 /* TLPhotoCollectionViewCell.swift */ = {isa = PBXFileReference; fileEncoding = 4; lastKnownFileType = sourcecode.swift; path = TLPhotoCollectionViewCell.swift; sourceTree = "<group>"; };
		8712728F2079F55400866608 /* TLPhotoCollectionViewCell.xib */ = {isa = PBXFileReference; fileEncoding = 4; lastKnownFileType = file.xib; path = TLPhotoCollectionViewCell.xib; sourceTree = "<group>"; };
		871272902079F55400866608 /* TLPhotosPickerViewController.swift */ = {isa = PBXFileReference; fileEncoding = 4; lastKnownFileType = sourcecode.swift; path = TLPhotosPickerViewController.swift; sourceTree = "<group>"; };
		871272912079F55400866608 /* TLAssetsCollection.swift */ = {isa = PBXFileReference; fileEncoding = 4; lastKnownFileType = sourcecode.swift; path = TLAssetsCollection.swift; sourceTree = "<group>"; };
		87151698207B36E9000C0B6C /* XTPicModel.swift */ = {isa = PBXFileReference; lastKnownFileType = sourcecode.swift; path = XTPicModel.swift; sourceTree = "<group>"; };
		872137EF2079C75400277F27 /* XTPhotoPicker_Demo.app */ = {isa = PBXFileReference; explicitFileType = wrapper.application; includeInIndex = 0; path = XTPhotoPicker_Demo.app; sourceTree = BUILT_PRODUCTS_DIR; };
		872137F22079C75400277F27 /* AppDelegate.swift */ = {isa = PBXFileReference; lastKnownFileType = sourcecode.swift; path = AppDelegate.swift; sourceTree = "<group>"; };
		872137F42079C75500277F27 /* ViewController.swift */ = {isa = PBXFileReference; lastKnownFileType = sourcecode.swift; path = ViewController.swift; sourceTree = "<group>"; };
		872137F92079C75500277F27 /* Assets.xcassets */ = {isa = PBXFileReference; lastKnownFileType = folder.assetcatalog; path = Assets.xcassets; sourceTree = "<group>"; };
		872137FE2079C75500277F27 /* Info.plist */ = {isa = PBXFileReference; lastKnownFileType = text.plist.xml; path = Info.plist; sourceTree = "<group>"; };
		876D5C40207A0CD800794035 /* TLPhotosPickerViewController.xib */ = {isa = PBXFileReference; fileEncoding = 4; lastKnownFileType = file.xib; path = TLPhotosPickerViewController.xib; sourceTree = "<group>"; };
/* End PBXFileReference section */

/* Begin PBXFrameworksBuildPhase section */
		872137EC2079C75400277F27 /* Frameworks */ = {
			isa = PBXFrameworksBuildPhase;
			buildActionMask = 2147483647;
			files = (
			);
			runOnlyForDeploymentPostprocessing = 0;
		};
/* End PBXFrameworksBuildPhase section */

/* Begin PBXGroup section */
		871272872079F55400866608 /* XTPhotoPicker */ = {
			isa = PBXGroup;
			children = (
				8712728D2079F55400866608 /* TLPhotoPickerController.bundle */,
				871272882079F55400866608 /* TLPhotoLibrary.swift */,
				871272892079F55400866608 /* TLCollectionTableViewCell.swift */,
				8712728A2079F55400866608 /* TLCollectionTableViewCell.xib */,
				8712728B2079F55400866608 /* TLBundle.swift */,
				8712728C2079F55400866608 /* TLAlbumPopView.swift */,
				8712728E2079F55400866608 /* TLPhotoCollectionViewCell.swift */,
				8712728F2079F55400866608 /* TLPhotoCollectionViewCell.xib */,
				871272902079F55400866608 /* TLPhotosPickerViewController.swift */,
				876D5C40207A0CD800794035 /* TLPhotosPickerViewController.xib */,
				871272912079F55400866608 /* TLAssetsCollection.swift */,
				87151698207B36E9000C0B6C /* XTPicModel.swift */,
			);
			path = XTPhotoPicker;
			sourceTree = "<group>";
		};
		872137E62079C75400277F27 = {
			isa = PBXGroup;
			children = (
				872137F12079C75400277F27 /* XTPhotoPicker_Demo */,
				872137F02079C75400277F27 /* Products */,
			);
			sourceTree = "<group>";
		};
		872137F02079C75400277F27 /* Products */ = {
			isa = PBXGroup;
			children = (
				872137EF2079C75400277F27 /* XTPhotoPicker_Demo.app */,
			);
			name = Products;
			sourceTree = "<group>";
		};
		872137F12079C75400277F27 /* XTPhotoPicker_Demo */ = {
			isa = PBXGroup;
			children = (
				871272872079F55400866608 /* XTPhotoPicker */,
				872137F22079C75400277F27 /* AppDelegate.swift */,
				872137F42079C75500277F27 /* ViewController.swift */,
				872137F92079C75500277F27 /* Assets.xcassets */,
				872137FE2079C75500277F27 /* Info.plist */,
			);
			path = XTPhotoPicker_Demo;
			sourceTree = "<group>";
		};
/* End PBXGroup section */

/* Begin PBXNativeTarget section */
		872137EE2079C75400277F27 /* XTPhotoPicker_Demo */ = {
			isa = PBXNativeTarget;
			buildConfigurationList = 872138012079C75500277F27 /* Build configuration list for PBXNativeTarget "XTPhotoPicker_Demo" */;
			buildPhases = (
				872137EB2079C75400277F27 /* Sources */,
				872137EC2079C75400277F27 /* Frameworks */,
				872137ED2079C75400277F27 /* Resources */,
			);
			buildRules = (
			);
			dependencies = (
			);
			name = XTPhotoPicker_Demo;
			productName = XTPhotoPicker_Demo;
			productReference = 872137EF2079C75400277F27 /* XTPhotoPicker_Demo.app */;
			productType = "com.apple.product-type.application";
		};
/* End PBXNativeTarget section */

/* Begin PBXProject section */
		872137E72079C75400277F27 /* Project object */ = {
			isa = PBXProject;
			attributes = {
				LastSwiftUpdateCheck = 0930;
				LastUpgradeCheck = 0930;
				ORGANIZATIONNAME = DragonLi;
				TargetAttributes = {
					872137EE2079C75400277F27 = {
						CreatedOnToolsVersion = 9.3;
					};
				};
			};
			buildConfigurationList = 872137EA2079C75400277F27 /* Build configuration list for PBXProject "XTPhotoPicker_Demo" */;
			compatibilityVersion = "Xcode 9.3";
			developmentRegion = en;
			hasScannedForEncodings = 0;
			knownRegions = (
				en,
				Base,
			);
			mainGroup = 872137E62079C75400277F27;
			productRefGroup = 872137F02079C75400277F27 /* Products */;
			projectDirPath = "";
			projectRoot = "";
			targets = (
				872137EE2079C75400277F27 /* XTPhotoPicker_Demo */,
			);
		};
/* End PBXProject section */

/* Begin PBXResourcesBuildPhase section */
		872137ED2079C75400277F27 /* Resources */ = {
			isa = PBXResourcesBuildPhase;
			buildActionMask = 2147483647;
			files = (
				872137FA2079C75500277F27 /* Assets.xcassets in Resources */,
				871272952079F55400866608 /* TLCollectionTableViewCell.xib in Resources */,
				871272982079F55400866608 /* TLPhotoPickerController.bundle in Resources */,
				8712729A2079F55400866608 /* TLPhotoCollectionViewCell.xib in Resources */,
				876D5C41207A0CD800794035 /* TLPhotosPickerViewController.xib in Resources */,
			);
			runOnlyForDeploymentPostprocessing = 0;
		};
/* End PBXResourcesBuildPhase section */

/* Begin PBXSourcesBuildPhase section */
		872137EB2079C75400277F27 /* Sources */ = {
			isa = PBXSourcesBuildPhase;
			buildActionMask = 2147483647;
			files = (
				872137F52079C75500277F27 /* ViewController.swift in Sources */,
				871272942079F55400866608 /* TLCollectionTableViewCell.swift in Sources */,
				872137F32079C75500277F27 /* AppDelegate.swift in Sources */,
				8712729B2079F55400866608 /* TLPhotosPickerViewController.swift in Sources */,
				871272932079F55400866608 /* TLPhotoLibrary.swift in Sources */,
				871272992079F55400866608 /* TLPhotoCollectionViewCell.swift in Sources */,
				87151699207B36E9000C0B6C /* XTPicModel.swift in Sources */,
				871272972079F55400866608 /* TLAlbumPopView.swift in Sources */,
				871272962079F55400866608 /* TLBundle.swift in Sources */,
				8712729C2079F55400866608 /* TLAssetsCollection.swift in Sources */,
			);
			runOnlyForDeploymentPostprocessing = 0;
		};
/* End PBXSourcesBuildPhase section */

/* Begin XCBuildConfiguration section */
		872137FF2079C75500277F27 /* Debug */ = {
			isa = XCBuildConfiguration;
			buildSettings = {
				ALWAYS_SEARCH_USER_PATHS = NO;
				CLANG_ANALYZER_NONNULL = YES;
				CLANG_ANALYZER_NUMBER_OBJECT_CONVERSION = YES_AGGRESSIVE;
				CLANG_CXX_LANGUAGE_STANDARD = "gnu++14";
				CLANG_CXX_LIBRARY = "libc++";
				CLANG_ENABLE_MODULES = YES;
				CLANG_ENABLE_OBJC_ARC = YES;
				CLANG_ENABLE_OBJC_WEAK = YES;
				CLANG_WARN_BLOCK_CAPTURE_AUTORELEASING = YES;
				CLANG_WARN_BOOL_CONVERSION = YES;
				CLANG_WARN_COMMA = YES;
				CLANG_WARN_CONSTANT_CONVERSION = YES;
				CLANG_WARN_DEPRECATED_OBJC_IMPLEMENTATIONS = YES;
				CLANG_WARN_DIRECT_OBJC_ISA_USAGE = YES_ERROR;
				CLANG_WARN_DOCUMENTATION_COMMENTS = YES;
				CLANG_WARN_EMPTY_BODY = YES;
				CLANG_WARN_ENUM_CONVERSION = YES;
				CLANG_WARN_INFINITE_RECURSION = YES;
				CLANG_WARN_INT_CONVERSION = YES;
				CLANG_WARN_NON_LITERAL_NULL_CONVERSION = YES;
				CLANG_WARN_OBJC_IMPLICIT_RETAIN_SELF = YES;
				CLANG_WARN_OBJC_LITERAL_CONVERSION = YES;
				CLANG_WARN_OBJC_ROOT_CLASS = YES_ERROR;
				CLANG_WARN_RANGE_LOOP_ANALYSIS = YES;
				CLANG_WARN_STRICT_PROTOTYPES = YES;
				CLANG_WARN_SUSPICIOUS_MOVE = YES;
				CLANG_WARN_UNGUARDED_AVAILABILITY = YES_AGGRESSIVE;
				CLANG_WARN_UNREACHABLE_CODE = YES;
				CLANG_WARN__DUPLICATE_METHOD_MATCH = YES;
				CODE_SIGN_IDENTITY = "iPhone Developer";
				COPY_PHASE_STRIP = NO;
				DEBUG_INFORMATION_FORMAT = dwarf;
				ENABLE_STRICT_OBJC_MSGSEND = YES;
				ENABLE_TESTABILITY = YES;
				GCC_C_LANGUAGE_STANDARD = gnu11;
				GCC_DYNAMIC_NO_PIC = NO;
				GCC_NO_COMMON_BLOCKS = YES;
				GCC_OPTIMIZATION_LEVEL = 0;
				GCC_PREPROCESSOR_DEFINITIONS = (
					"DEBUG=1",
					"$(inherited)",
				);
				GCC_WARN_64_TO_32_BIT_CONVERSION = YES;
				GCC_WARN_ABOUT_RETURN_TYPE = YES_ERROR;
				GCC_WARN_UNDECLARED_SELECTOR = YES;
				GCC_WARN_UNINITIALIZED_AUTOS = YES_AGGRESSIVE;
				GCC_WARN_UNUSED_FUNCTION = YES;
				GCC_WARN_UNUSED_VARIABLE = YES;
				IPHONEOS_DEPLOYMENT_TARGET = 11.3;
				MTL_ENABLE_DEBUG_INFO = YES;
				ONLY_ACTIVE_ARCH = YES;
				SDKROOT = iphoneos;
				SWIFT_ACTIVE_COMPILATION_CONDITIONS = DEBUG;
				SWIFT_OPTIMIZATION_LEVEL = "-Onone";
			};
			name = Debug;
		};
		872138002079C75500277F27 /* Release */ = {
			isa = XCBuildConfiguration;
			buildSettings = {
				ALWAYS_SEARCH_USER_PATHS = NO;
				CLANG_ANALYZER_NONNULL = YES;
				CLANG_ANALYZER_NUMBER_OBJECT_CONVERSION = YES_AGGRESSIVE;
				CLANG_CXX_LANGUAGE_STANDARD = "gnu++14";
				CLANG_CXX_LIBRARY = "libc++";
				CLANG_ENABLE_MODULES = YES;
				CLANG_ENABLE_OBJC_ARC = YES;
				CLANG_ENABLE_OBJC_WEAK = YES;
				CLANG_WARN_BLOCK_CAPTURE_AUTORELEASING = YES;
				CLANG_WARN_BOOL_CONVERSION = YES;
				CLANG_WARN_COMMA = YES;
				CLANG_WARN_CONSTANT_CONVERSION = YES;
				CLANG_WARN_DEPRECATED_OBJC_IMPLEMENTATIONS = YES;
				CLANG_WARN_DIRECT_OBJC_ISA_USAGE = YES_ERROR;
				CLANG_WARN_DOCUMENTATION_COMMENTS = YES;
				CLANG_WARN_EMPTY_BODY = YES;
				CLANG_WARN_ENUM_CONVERSION = YES;
				CLANG_WARN_INFINITE_RECURSION = YES;
				CLANG_WARN_INT_CONVERSION = YES;
				CLANG_WARN_NON_LITERAL_NULL_CONVERSION = YES;
				CLANG_WARN_OBJC_IMPLICIT_RETAIN_SELF = YES;
				CLANG_WARN_OBJC_LITERAL_CONVERSION = YES;
				CLANG_WARN_OBJC_ROOT_CLASS = YES_ERROR;
				CLANG_WARN_RANGE_LOOP_ANALYSIS = YES;
				CLANG_WARN_STRICT_PROTOTYPES = YES;
				CLANG_WARN_SUSPICIOUS_MOVE = YES;
				CLANG_WARN_UNGUARDED_AVAILABILITY = YES_AGGRESSIVE;
				CLANG_WARN_UNREACHABLE_CODE = YES;
				CLANG_WARN__DUPLICATE_METHOD_MATCH = YES;
				CODE_SIGN_IDENTITY = "iPhone Developer";
				COPY_PHASE_STRIP = NO;
				DEBUG_INFORMATION_FORMAT = "dwarf-with-dsym";
				ENABLE_NS_ASSERTIONS = NO;
				ENABLE_STRICT_OBJC_MSGSEND = YES;
				GCC_C_LANGUAGE_STANDARD = gnu11;
				GCC_NO_COMMON_BLOCKS = YES;
				GCC_WARN_64_TO_32_BIT_CONVERSION = YES;
				GCC_WARN_ABOUT_RETURN_TYPE = YES_ERROR;
				GCC_WARN_UNDECLARED_SELECTOR = YES;
				GCC_WARN_UNINITIALIZED_AUTOS = YES_AGGRESSIVE;
				GCC_WARN_UNUSED_FUNCTION = YES;
				GCC_WARN_UNUSED_VARIABLE = YES;
				IPHONEOS_DEPLOYMENT_TARGET = 11.3;
				MTL_ENABLE_DEBUG_INFO = NO;
				SDKROOT = iphoneos;
				SWIFT_COMPILATION_MODE = wholemodule;
				SWIFT_OPTIMIZATION_LEVEL = "-O";
				VALIDATE_PRODUCT = YES;
			};
			name = Release;
		};
		872138022079C75500277F27 /* Debug */ = {
			isa = XCBuildConfiguration;
			buildSettings = {
				ASSETCATALOG_COMPILER_APPICON_NAME = AppIcon;
				CODE_SIGN_STYLE = Automatic;
				DEVELOPMENT_TEAM = HD29GU94HU;
				INFOPLIST_FILE = XTPhotoPicker_Demo/Info.plist;
				IPHONEOS_DEPLOYMENT_TARGET = 8.0;
				LD_RUNPATH_SEARCH_PATHS = (
					"$(inherited)",
					"@executable_path/Frameworks",
				);
				PRODUCT_BUNDLE_IDENTIFIER = "XiTu-Inc.XTPhotoPicker-Demo";
				PRODUCT_NAME = "$(TARGET_NAME)";
				SWIFT_VERSION = 4.0;
				TARGETED_DEVICE_FAMILY = 1;
			};
			name = Debug;
		};
		872138032079C75500277F27 /* Release */ = {
			isa = XCBuildConfiguration;
			buildSettings = {
				ASSETCATALOG_COMPILER_APPICON_NAME = AppIcon;
				CODE_SIGN_STYLE = Automatic;
				DEVELOPMENT_TEAM = HD29GU94HU;
				INFOPLIST_FILE = XTPhotoPicker_Demo/Info.plist;
				IPHONEOS_DEPLOYMENT_TARGET = 8.0;
				LD_RUNPATH_SEARCH_PATHS = (
					"$(inherited)",
					"@executable_path/Frameworks",
				);
				PRODUCT_BUNDLE_IDENTIFIER = "XiTu-Inc.XTPhotoPicker-Demo";
				PRODUCT_NAME = "$(TARGET_NAME)";
				SWIFT_VERSION = 4.0;
				TARGETED_DEVICE_FAMILY = 1;
			};
			name = Release;
		};
/* End XCBuildConfiguration section */

/* Begin XCConfigurationList section */
		872137EA2079C75400277F27 /* Build configuration list for PBXProject "XTPhotoPicker_Demo" */ = {
			isa = XCConfigurationList;
			buildConfigurations = (
				872137FF2079C75500277F27 /* Debug */,
				872138002079C75500277F27 /* Release */,
			);
			defaultConfigurationIsVisible = 0;
			defaultConfigurationName = Release;
		};
		872138012079C75500277F27 /* Build configuration list for PBXNativeTarget "XTPhotoPicker_Demo" */ = {
			isa = XCConfigurationList;
			buildConfigurations = (
				872138022079C75500277F27 /* Debug */,
				872138032079C75500277F27 /* Release */,
			);
			defaultConfigurationIsVisible = 0;
			defaultConfigurationName = Release;
		};
/* End XCConfigurationList section */
	};
	rootObject = 872137E72079C75400277F27 /* Project object */;
}
