// !$*UTF8*$!
{
	archiveVersion = 1;
	classes = {
	};
	objectVersion = 46;
	objects = {

/* Begin PBXBuildFile section */
		43AC61A41DD4171B0087BA37 /* main.m in Sources */ = {isa = PBXBuildFile; fileRef = 43AC61A31DD4171B0087BA37 /* main.m */; };
		43AC61A71DD4171B0087BA37 /* AppDelegate.m in Sources */ = {isa = PBXBuildFile; fileRef = 43AC61A61DD4171B0087BA37 /* AppDelegate.m */; };
		43AC61AA1DD4171B0087BA37 /* ViewController.m in Sources */ = {isa = PBXBuildFile; fileRef = 43AC61A91DD4171B0087BA37 /* ViewController.m */; };
		43AC61AD1DD4171B0087BA37 /* Main.storyboard in Resources */ = {isa = PBXBuildFile; fileRef = 43AC61AB1DD4171B0087BA37 /* Main.storyboard */; };
		43AC61AF1DD4171B0087BA37 /* Assets.xcassets in Resources */ = {isa = PBXBuildFile; fileRef = 43AC61AE1DD4171B0087BA37 /* Assets.xcassets */; };
		43AC61B21DD4171B0087BA37 /* LaunchScreen.storyboard in Resources */ = {isa = PBXBuildFile; fileRef = 43AC61B01DD4171B0087BA37 /* LaunchScreen.storyboard */; };
		43AC61BB1DD417440087BA37 /* LFLRandomCodeView.m in Sources */ = {isa = PBXBuildFile; fileRef = 43AC61BA1DD417440087BA37 /* LFLRandomCodeView.m */; };
/* End PBXBuildFile section */

/* Begin PBXFileReference section */
		43AC619F1DD4171B0087BA37 /* LFLRandomCodeView.app */ = {isa = PBXFileReference; explicitFileType = wrapper.application; includeInIndex = 0; path = LFLRandomCodeView.app; sourceTree = BUILT_PRODUCTS_DIR; };
		43AC61A31DD4171B0087BA37 /* main.m */ = {isa = PBXFileReference; lastKnownFileType = sourcecode.c.objc; path = main.m; sourceTree = "<group>"; };
		43AC61A51DD4171B0087BA37 /* AppDelegate.h */ = {isa = PBXFileReference; lastKnownFileType = sourcecode.c.h; path = AppDelegate.h; sourceTree = "<group>"; };
		43AC61A61DD4171B0087BA37 /* AppDelegate.m */ = {isa = PBXFileReference; lastKnownFileType = sourcecode.c.objc; path = AppDelegate.m; sourceTree = "<group>"; };
		43AC61A81DD4171B0087BA37 /* ViewController.h */ = {isa = PBXFileReference; lastKnownFileType = sourcecode.c.h; path = ViewController.h; sourceTree = "<group>"; };
		43AC61A91DD4171B0087BA37 /* ViewController.m */ = {isa = PBXFileReference; lastKnownFileType = sourcecode.c.objc; path = ViewController.m; sourceTree = "<group>"; };
		43AC61AC1DD4171B0087BA37 /* Base */ = {isa = PBXFileReference; lastKnownFileType = file.storyboard; name = Base; path = Base.lproj/Main.storyboard; sourceTree = "<group>"; };
		43AC61AE1DD4171B0087BA37 /* Assets.xcassets */ = {isa = PBXFileReference; lastKnownFileType = folder.assetcatalog; path = Assets.xcassets; sourceTree = "<group>"; };
		43AC61B11DD4171B0087BA37 /* Base */ = {isa = PBXFileReference; lastKnownFileType = file.storyboard; name = Base; path = Base.lproj/LaunchScreen.storyboard; sourceTree = "<group>"; };
		43AC61B31DD4171B0087BA37 /* Info.plist */ = {isa = PBXFileReference; lastKnownFileType = text.plist.xml; path = Info.plist; sourceTree = "<group>"; };
		43AC61B91DD417440087BA37 /* LFLRandomCodeView.h */ = {isa = PBXFileReference; fileEncoding = 4; lastKnownFileType = sourcecode.c.h; path = LFLRandomCodeView.h; sourceTree = "<group>"; };
		43AC61BA1DD417440087BA37 /* LFLRandomCodeView.m */ = {isa = PBXFileReference; fileEncoding = 4; lastKnownFileType = sourcecode.c.objc; path = LFLRandomCodeView.m; sourceTree = "<group>"; };
/* End PBXFileReference section */

/* Begin PBXFrameworksBuildPhase section */
		43AC619C1DD4171B0087BA37 /* Frameworks */ = {
			isa = PBXFrameworksBuildPhase;
			buildActionMask = 2147483647;
			files = (
			);
			runOnlyForDeploymentPostprocessing = 0;
		};
/* End PBXFrameworksBuildPhase section */

/* Begin PBXGroup section */
		43AC61961DD4171B0087BA37 = {
			isa = PBXGroup;
			children = (
				43AC61A11DD4171B0087BA37 /* LFLRandomCodeView */,
				43AC61A01DD4171B0087BA37 /* Products */,
			);
			sourceTree = "<group>";
		};
		43AC61A01DD4171B0087BA37 /* Products */ = {
			isa = PBXGroup;
			children = (
				43AC619F1DD4171B0087BA37 /* LFLRandomCodeView.app */,
			);
			name = Products;
			sourceTree = "<group>";
		};
		43AC61A11DD4171B0087BA37 /* LFLRandomCodeView */ = {
			isa = PBXGroup;
			children = (
				43AC61A51DD4171B0087BA37 /* AppDelegate.h */,
				43AC61A61DD4171B0087BA37 /* AppDelegate.m */,
				43AC61A81DD4171B0087BA37 /* ViewController.h */,
				43AC61A91DD4171B0087BA37 /* ViewController.m */,
				43AC61B91DD417440087BA37 /* LFLRandomCodeView.h */,
				43AC61BA1DD417440087BA37 /* LFLRandomCodeView.m */,
				43AC61AB1DD4171B0087BA37 /* Main.storyboard */,
				43AC61AE1DD4171B0087BA37 /* Assets.xcassets */,
				43AC61B01DD4171B0087BA37 /* LaunchScreen.storyboard */,
				43AC61B31DD4171B0087BA37 /* Info.plist */,
				43AC61A21DD4171B0087BA37 /* Supporting Files */,
			);
			path = LFLRandomCodeView;
			sourceTree = "<group>";
		};
		43AC61A21DD4171B0087BA37 /* Supporting Files */ = {
			isa = PBXGroup;
			children = (
				43AC61A31DD4171B0087BA37 /* main.m */,
			);
			name = "Supporting Files";
			sourceTree = "<group>";
		};
/* End PBXGroup section */

/* Begin PBXNativeTarget section */
		43AC619E1DD4171B0087BA37 /* LFLRandomCodeView */ = {
			isa = PBXNativeTarget;
			buildConfigurationList = 43AC61B61DD4171B0087BA37 /* Build configuration list for PBXNativeTarget "LFLRandomCodeView" */;
			buildPhases = (
				43AC619B1DD4171B0087BA37 /* Sources */,
				43AC619C1DD4171B0087BA37 /* Frameworks */,
				43AC619D1DD4171B0087BA37 /* Resources */,
			);
			buildRules = (
			);
			dependencies = (
			);
			name = LFLRandomCodeView;
			productName = LFLRandomCodeView;
			productReference = 43AC619F1DD4171B0087BA37 /* LFLRandomCodeView.app */;
			productType = "com.apple.product-type.application";
		};
/* End PBXNativeTarget section */

/* Begin PBXProject section */
		43AC61971DD4171B0087BA37 /* Project object */ = {
			isa = PBXProject;
			attributes = {
				LastUpgradeCheck = 0810;
				ORGANIZATIONNAME = vintop_DragonLi;
				TargetAttributes = {
					43AC619E1DD4171B0087BA37 = {
						CreatedOnToolsVersion = 8.1;
						DevelopmentTeam = EHTLU8962D;
						ProvisioningStyle = Automatic;
					};
				};
			};
			buildConfigurationList = 43AC619A1DD4171B0087BA37 /* Build configuration list for PBXProject "LFLRandomCodeView" */;
			compatibilityVersion = "Xcode 3.2";
			developmentRegion = English;
			hasScannedForEncodings = 0;
			knownRegions = (
				en,
				Base,
			);
			mainGroup = 43AC61961DD4171B0087BA37;
			productRefGroup = 43AC61A01DD4171B0087BA37 /* Products */;
			projectDirPath = "";
			projectRoot = "";
			targets = (
				43AC619E1DD4171B0087BA37 /* LFLRandomCodeView */,
			);
		};
/* End PBXProject section */

/* Begin PBXResourcesBuildPhase section */
		43AC619D1DD4171B0087BA37 /* Resources */ = {
			isa = PBXResourcesBuildPhase;
			buildActionMask = 2147483647;
			files = (
				43AC61B21DD4171B0087BA37 /* LaunchScreen.storyboard in Resources */,
				43AC61AF1DD4171B0087BA37 /* Assets.xcassets in Resources */,
				43AC61AD1DD4171B0087BA37 /* Main.storyboard in Resources */,
			);
			runOnlyForDeploymentPostprocessing = 0;
		};
/* End PBXResourcesBuildPhase section */

/* Begin PBXSourcesBuildPhase section */
		43AC619B1DD4171B0087BA37 /* Sources */ = {
			isa = PBXSourcesBuildPhase;
			buildActionMask = 2147483647;
			files = (
				43AC61AA1DD4171B0087BA37 /* ViewController.m in Sources */,
				43AC61A71DD4171B0087BA37 /* AppDelegate.m in Sources */,
				43AC61A41DD4171B0087BA37 /* main.m in Sources */,
				43AC61BB1DD417440087BA37 /* LFLRandomCodeView.m in Sources */,
			);
			runOnlyForDeploymentPostprocessing = 0;
		};
/* End PBXSourcesBuildPhase section */

/* Begin PBXVariantGroup section */
		43AC61AB1DD4171B0087BA37 /* Main.storyboard */ = {
			isa = PBXVariantGroup;
			children = (
				43AC61AC1DD4171B0087BA37 /* Base */,
			);
			name = Main.storyboard;
			sourceTree = "<group>";
		};
		43AC61B01DD4171B0087BA37 /* LaunchScreen.storyboard */ = {
			isa = PBXVariantGroup;
			children = (
				43AC61B11DD4171B0087BA37 /* Base */,
			);
			name = LaunchScreen.storyboard;
			sourceTree = "<group>";
		};
/* End PBXVariantGroup section */

/* Begin XCBuildConfiguration section */
		43AC61B41DD4171B0087BA37 /* Debug */ = {
			isa = XCBuildConfiguration;
			buildSettings = {
				ALWAYS_SEARCH_USER_PATHS = NO;
				CLANG_ANALYZER_NONNULL = YES;
				CLANG_CXX_LANGUAGE_STANDARD = "gnu++0x";
				CLANG_CXX_LIBRARY = "libc++";
				CLANG_ENABLE_MODULES = YES;
				CLANG_ENABLE_OBJC_ARC = YES;
				CLANG_WARN_BOOL_CONVERSION = YES;
				CLANG_WARN_CONSTANT_CONVERSION = YES;
				CLANG_WARN_DIRECT_OBJC_ISA_USAGE = YES_ERROR;
				CLANG_WARN_DOCUMENTATION_COMMENTS = YES;
				CLANG_WARN_EMPTY_BODY = YES;
				CLANG_WARN_ENUM_CONVERSION = YES;
				CLANG_WARN_INFINITE_RECURSION = YES;
				CLANG_WARN_INT_CONVERSION = YES;
				CLANG_WARN_OBJC_ROOT_CLASS = YES_ERROR;
				CLANG_WARN_SUSPICIOUS_MOVES = YES;
				CLANG_WARN_UNREACHABLE_CODE = YES;
				CLANG_WARN__DUPLICATE_METHOD_MATCH = YES;
				"CODE_SIGN_IDENTITY[sdk=iphoneos*]" = "iPhone Developer";
				COPY_PHASE_STRIP = NO;
				DEBUG_INFORMATION_FORMAT = dwarf;
				ENABLE_STRICT_OBJC_MSGSEND = YES;
				ENABLE_TESTABILITY = YES;
				GCC_C_LANGUAGE_STANDARD = gnu99;
				GCC_DYNAMIC_NO_PIC = NO;
				GCC_NO_COMMON_BLOCKS = YES;
				GCC_OPTIMIZATION_LEVEL = 0;
				GCC_PREPROCESSOR_DEFINITIONS = (
					"DEBUG=1",
					"$(inherited)",
				);
				GCC_WARN_64_TO_32_BIT_CONVERSION = YES;
				GCC_WARN_ABOUT_RETURN_TYPE = YES_ERROR;
				GCC_WARN_UNDECLARED_SELECTOR = YES;
				GCC_WARN_UNINITIALIZED_AUTOS = YES_AGGRESSIVE;
				GCC_WARN_UNUSED_FUNCTION = YES;
				GCC_WARN_UNUSED_VARIABLE = YES;
				IPHONEOS_DEPLOYMENT_TARGET = 10.1;
				MTL_ENABLE_DEBUG_INFO = YES;
				ONLY_ACTIVE_ARCH = YES;
				SDKROOT = iphoneos;
			};
			name = Debug;
		};
		43AC61B51DD4171B0087BA37 /* Release */ = {
			isa = XCBuildConfiguration;
			buildSettings = {
				ALWAYS_SEARCH_USER_PATHS = NO;
				CLANG_ANALYZER_NONNULL = YES;
				CLANG_CXX_LANGUAGE_STANDARD = "gnu++0x";
				CLANG_CXX_LIBRARY = "libc++";
				CLANG_ENABLE_MODULES = YES;
				CLANG_ENABLE_OBJC_ARC = YES;
				CLANG_WARN_BOOL_CONVERSION = YES;
				CLANG_WARN_CONSTANT_CONVERSION = YES;
				CLANG_WARN_DIRECT_OBJC_ISA_USAGE = YES_ERROR;
				CLANG_WARN_DOCUMENTATION_COMMENTS = YES;
				CLANG_WARN_EMPTY_BODY = YES;
				CLANG_WARN_ENUM_CONVERSION = YES;
				CLANG_WARN_INFINITE_RECURSION = YES;
				CLANG_WARN_INT_CONVERSION = YES;
				CLANG_WARN_OBJC_ROOT_CLASS = YES_ERROR;
				CLANG_WARN_SUSPICIOUS_MOVES = YES;
				CLANG_WARN_UNREACHABLE_CODE = YES;
				CLANG_WARN__DUPLICATE_METHOD_MATCH = YES;
				"CODE_SIGN_IDENTITY[sdk=iphoneos*]" = "iPhone Developer";
				COPY_PHASE_STRIP = NO;
				DEBUG_INFORMATION_FORMAT = "dwarf-with-dsym";
				ENABLE_NS_ASSERTIONS = NO;
				ENABLE_STRICT_OBJC_MSGSEND = YES;
				GCC_C_LANGUAGE_STANDARD = gnu99;
				GCC_NO_COMMON_BLOCKS = YES;
				GCC_WARN_64_TO_32_BIT_CONVERSION = YES;
				GCC_WARN_ABOUT_RETURN_TYPE = YES_ERROR;
				GCC_WARN_UNDECLARED_SELECTOR = YES;
				GCC_WARN_UNINITIALIZED_AUTOS = YES_AGGRESSIVE;
				GCC_WARN_UNUSED_FUNCTION = YES;
				GCC_WARN_UNUSED_VARIABLE = YES;
				IPHONEOS_DEPLOYMENT_TARGET = 10.1;
				MTL_ENABLE_DEBUG_INFO = NO;
				SDKROOT = iphoneos;
				VALIDATE_PRODUCT = YES;
			};
			name = Release;
		};
		43AC61B71DD4171B0087BA37 /* Debug */ = {
			isa = XCBuildConfiguration;
			buildSettings = {
				ASSETCATALOG_COMPILER_APPICON_NAME = AppIcon;
				DEVELOPMENT_TEAM = EHTLU8962D;
				INFOPLIST_FILE = LFLRandomCodeView/Info.plist;
				IPHONEOS_DEPLOYMENT_TARGET = 8.0;
				LD_RUNPATH_SEARCH_PATHS = "$(inherited) @executable_path/Frameworks";
				PRODUCT_BUNDLE_IDENTIFIER = com.vintop.LFLRandomCodeView;
				PRODUCT_NAME = "$(TARGET_NAME)";
			};
			name = Debug;
		};
		43AC61B81DD4171B0087BA37 /* Release */ = {
			isa = XCBuildConfiguration;
			buildSettings = {
				ASSETCATALOG_COMPILER_APPICON_NAME = AppIcon;
				DEVELOPMENT_TEAM = EHTLU8962D;
				INFOPLIST_FILE = LFLRandomCodeView/Info.plist;
				IPHONEOS_DEPLOYMENT_TARGET = 8.0;
				LD_RUNPATH_SEARCH_PATHS = "$(inherited) @executable_path/Frameworks";
				PRODUCT_BUNDLE_IDENTIFIER = com.vintop.LFLRandomCodeView;
				PRODUCT_NAME = "$(TARGET_NAME)";
			};
			name = Release;
		};
/* End XCBuildConfiguration section */

/* Begin XCConfigurationList section */
		43AC619A1DD4171B0087BA37 /* Build configuration list for PBXProject "LFLRandomCodeView" */ = {
			isa = XCConfigurationList;
			buildConfigurations = (
				43AC61B41DD4171B0087BA37 /* Debug */,
				43AC61B51DD4171B0087BA37 /* Release */,
			);
			defaultConfigurationIsVisible = 0;
			defaultConfigurationName = Release;
		};
		43AC61B61DD4171B0087BA37 /* Build configuration list for PBXNativeTarget "LFLRandomCodeView" */ = {
			isa = XCConfigurationList;
			buildConfigurations = (
				43AC61B71DD4171B0087BA37 /* Debug */,
				43AC61B81DD4171B0087BA37 /* Release */,
			);
			defaultConfigurationIsVisible = 0;
		};
/* End XCConfigurationList section */
	};
	rootObject = 43AC61971DD4171B0087BA37 /* Project object */;
}
